Microsoft Visual Studio Solution File, Format Version 12.00
# Visual Studio Version 17
VisualStudioVersion = 17.13.35931.197
MinimumVisualStudioVersion = 10.0.40219.1
Project("{FAE04EC0-301F-11D3-BF4B-00C04F79EFBC}") = "AspireGraphQL.AppHost", "AspireGraphQL.AppHost\AspireGraphQL.AppHost.csproj", "{F11A876A-681F-48EA-A591-9E44C3F62458}"
EndProject
Project("{FAE04EC0-301F-11D3-BF4B-00C04F79EFBC}") = "AspireGraphQL.ServiceDefaults", "AspireGraphQL.ServiceDefaults\AspireGraphQL.ServiceDefaults.csproj", "{98BF6B02-F4F3-9BCA-3989-A46048DC2325}"
EndProject
Project("{FAE04EC0-301F-11D3-BF4B-00C04F79EFBC}") = "ServerPart", "ServerPart\ServerPart.csproj", "{1E8353F2-A4F7-8DF3-7FB1-5BD56C7C2836}"
EndProject
Project("{FAE04EC0-301F-11D3-BF4B-00C04F79EFBC}") = "ServerPart.HotChocolate", "ServerPart.HotChocolate\ServerPart.HotChocolate.csproj", "{23028C14-FCD7-1BFC-2D47-D7E09AC8DE7F}"
EndProject
Project("{FAE04EC0-301F-11D3-BF4B-00C04F79EFBC}") = "ServicePart.HotChocolate.ImplementationFirst", "ServicePart.HotChocolate.ImplementationFirst\ServicePart.HotChocolate.ImplementationFirst.csproj", "{7B6822EF-46DD-8E1C-17DE-4270BD11E77F}"
EndProject
Global
	GlobalSection(SolutionConfigurationPlatforms) = preSolution
		Debug|Any CPU = Debug|Any CPU
		Release|Any CPU = Release|Any CPU
	EndGlobalSection
	GlobalSection(ProjectConfigurationPlatforms) = postSolution
		{F11A876A-681F-48EA-A591-9E44C3F62458}.Debug|Any CPU.ActiveCfg = Debug|Any CPU
		{F11A876A-681F-48EA-A591-9E44C3F62458}.Debug|Any CPU.Build.0 = Debug|Any CPU
		{F11A876A-681F-48EA-A591-9E44C3F62458}.Release|Any CPU.ActiveCfg = Release|Any CPU
		{F11A876A-681F-48EA-A591-9E44C3F62458}.Release|Any CPU.Build.0 = Release|Any CPU
		{98BF6B02-F4F3-9BCA-3989-A46048DC2325}.Debug|Any CPU.ActiveCfg = Debug|Any CPU
		{98BF6B02-F4F3-9BCA-3989-A46048DC2325}.Debug|Any CPU.Build.0 = Debug|Any CPU
		{98BF6B02-F4F3-9BCA-3989-A46048DC2325}.Release|Any CPU.ActiveCfg = Release|Any CPU
		{98BF6B02-F4F3-9BCA-3989-A46048DC2325}.Release|Any CPU.Build.0 = Release|Any CPU
		{1E8353F2-A4F7-8DF3-7FB1-5BD56C7C2836}.Debug|Any CPU.ActiveCfg = Debug|Any CPU
		{1E8353F2-A4F7-8DF3-7FB1-5BD56C7C2836}.Debug|Any CPU.Build.0 = Debug|Any CPU
		{1E8353F2-A4F7-8DF3-7FB1-5BD56C7C2836}.Release|Any CPU.ActiveCfg = Release|Any CPU
		{1E8353F2-A4F7-8DF3-7FB1-5BD56C7C2836}.Release|Any CPU.Build.0 = Release|Any CPU
		{23028C14-FCD7-1BFC-2D47-D7E09AC8DE7F}.Debug|Any CPU.ActiveCfg = Debug|Any CPU
		{23028C14-FCD7-1BFC-2D47-D7E09AC8DE7F}.Debug|Any CPU.Build.0 = Debug|Any CPU
		{23028C14-FCD7-1BFC-2D47-D7E09AC8DE7F}.Release|Any CPU.ActiveCfg = Release|Any CPU
		{23028C14-FCD7-1BFC-2D47-D7E09AC8DE7F}.Release|Any CPU.Build.0 = Release|Any CPU
		{7B6822EF-46DD-8E1C-17DE-4270BD11E77F}.Debug|Any CPU.ActiveCfg = Debug|Any CPU
		{7B6822EF-46DD-8E1C-17DE-4270BD11E77F}.Debug|Any CPU.Build.0 = Debug|Any CPU
		{7B6822EF-46DD-8E1C-17DE-4270BD11E77F}.Release|Any CPU.ActiveCfg = Release|Any CPU
		{7B6822EF-46DD-8E1C-17DE-4270BD11E77F}.Release|Any CPU.Build.0 = Release|Any CPU
	EndGlobalSection
	GlobalSection(SolutionProperties) = preSolution
		HideSolutionNode = FALSE
	EndGlobalSection
	GlobalSection(ExtensibilityGlobals) = postSolution
		SolutionGuid = {17C786BE-D948-4E10-AE5B-9AA4E1C05A03}
	EndGlobalSection
EndGlobal
